github.com/durango/go-credit-card v0.0.0-20220404131259-a9e175ba4082 h1:3RgcPZrUWhrxqhtDkuRmDTRVXGkxrVMZtJMic7cEtGA=
github.com/durango/go-credit-card v0.0.0-20220404131259-a9e175ba4082/go.mod h1:jKPLGXGRR3v90kZOLs/kUMffoEot8IrRDGmmzI3kOtg=
github.com/gorilla/mux v1.8.1 h1:TuBL49tXwgrFYWhqrNgrUNEY92u81SPhu7sTdzQEiWY=
github.com/gorilla/mux v1.8.1/go.mod h1:AKf9I4AEqPTmMytcMc0KkNouC66V3BtZ4qD5fmWSiMQ=
